// !$*UTF8*$!
{
	archiveVersion = 1;
	classes = {
	};
	objectVersion = 48;
	objects = {

/* Begin PBXBuildFile section */
		900673131FA31BB600C94DFC /* AppDelegate.swift in Sources */ = {isa = PBXBuildFile; fileRef = 900673121FA31BB600C94DFC /* AppDelegate.swift */; };
		900673181FA31BB600C94DFC /* Main.storyboard in Resources */ = {isa = PBXBuildFile; fileRef = 900673161FA31BB600C94DFC /* Main.storyboard */; };
		9006731B1FA31BB600C94DFC /* CrudTable.xcdatamodeld in Sources */ = {isa = PBXBuildFile; fileRef = 900673191FA31BB600C94DFC /* CrudTable.xcdatamodeld */; };
		9006731D1FA31BB600C94DFC /* Assets.xcassets in Resources */ = {isa = PBXBuildFile; fileRef = 9006731C1FA31BB600C94DFC /* Assets.xcassets */; };
		9006732B1FA31BB600C94DFC /* CrudTableTests.swift in Sources */ = {isa = PBXBuildFile; fileRef = 9006732A1FA31BB600C94DFC /* CrudTableTests.swift */; };
		900673361FA31BB600C94DFC /* CrudTableUITests.swift in Sources */ = {isa = PBXBuildFile; fileRef = 900673351FA31BB600C94DFC /* CrudTableUITests.swift */; };
		900673441FA31C0200C94DFC /* CaricaViewController.swift in Sources */ = {isa = PBXBuildFile; fileRef = 900673431FA31C0200C94DFC /* CaricaViewController.swift */; };
		900673461FA320BA00C94DFC /* SingProdotti.swift in Sources */ = {isa = PBXBuildFile; fileRef = 900673451FA320BA00C94DFC /* SingProdotti.swift */; };
		900673481FA331C700C94DFC /* Prodotto.swift in Sources */ = {isa = PBXBuildFile; fileRef = 900673471FA331C700C94DFC /* Prodotto.swift */; };
		9006734A1FA3338A00C94DFC /* ProdottiTableViewController.swift in Sources */ = {isa = PBXBuildFile; fileRef = 900673491FA3338A00C94DFC /* ProdottiTableViewController.swift */; };
		9006734C1FA3648700C94DFC /* ListTableViewCell.swift in Sources */ = {isa = PBXBuildFile; fileRef = 9006734B1FA3648700C94DFC /* ListTableViewCell.swift */; };
		9006734E1FA37AF800C94DFC /* FullProdViewController.swift in Sources */ = {isa = PBXBuildFile; fileRef = 9006734D1FA37AF800C94DFC /* FullProdViewController.swift */; };
		906E70321FACAE8F001E9914 /* LaunchScreen.storyboard in Resources */ = {isa = PBXBuildFile; fileRef = 906E70311FACAE8F001E9914 /* LaunchScreen.storyboard */; };
/* End PBXBuildFile section */

/* Begin PBXContainerItemProxy section */
		900673271FA31BB600C94DFC /* PBXContainerItemProxy */ = {
			isa = PBXContainerItemProxy;
			containerPortal = 900673071FA31BB600C94DFC /* Project object */;
			proxyType = 1;
			remoteGlobalIDString = 9006730E1FA31BB600C94DFC;
			remoteInfo = CrudTable;
		};
		900673321FA31BB600C94DFC /* PBXContainerItemProxy */ = {
			isa = PBXContainerItemProxy;
			containerPortal = 900673071FA31BB600C94DFC /* Project object */;
			proxyType = 1;
			remoteGlobalIDString = 9006730E1FA31BB600C94DFC;
			remoteInfo = CrudTable;
		};
/* End PBXContainerItemProxy section */

/* Begin PBXFileReference section */
		9006730F1FA31BB600C94DFC /* CrudTable.app */ = {isa = PBXFileReference; explicitFileType = wrapper.application; includeInIndex = 0; path = CrudTable.app; sourceTree = BUILT_PRODUCTS_DIR; };
		900673121FA31BB600C94DFC /* AppDelegate.swift */ = {isa = PBXFileReference; lastKnownFileType = sourcecode.swift; path = AppDelegate.swift; sourceTree = "<group>"; };
		900673171FA31BB600C94DFC /* Base */ = {isa = PBXFileReference; lastKnownFileType = file.storyboard; name = Base; path = Base.lproj/Main.storyboard; sourceTree = "<group>"; };
		9006731A1FA31BB600C94DFC /* CrudTable.xcdatamodel */ = {isa = PBXFileReference; lastKnownFileType = wrapper.xcdatamodel; path = CrudTable.xcdatamodel; sourceTree = "<group>"; };
		9006731C1FA31BB600C94DFC /* Assets.xcassets */ = {isa = PBXFileReference; lastKnownFileType = folder.assetcatalog; path = Assets.xcassets; sourceTree = "<group>"; };
		900673211FA31BB600C94DFC /* Info.plist */ = {isa = PBXFileReference; lastKnownFileType = text.plist.xml; path = Info.plist; sourceTree = "<group>"; };
		900673261FA31BB600C94DFC /* CrudTableTests.xctest */ = {isa = PBXFileReference; explicitFileType = wrapper.cfbundle; includeInIndex = 0; path = CrudTableTests.xctest; sourceTree = BUILT_PRODUCTS_DIR; };
		9006732A1FA31BB600C94DFC /* CrudTableTests.swift */ = {isa = PBXFileReference; lastKnownFileType = sourcecode.swift; path = CrudTableTests.swift; sourceTree = "<group>"; };
		9006732C1FA31BB600C94DFC /* Info.plist */ = {isa = PBXFileReference; lastKnownFileType = text.plist.xml; path = Info.plist; sourceTree = "<group>"; };
		900673311FA31BB600C94DFC /* CrudTableUITests.xctest */ = {isa = PBXFileReference; explicitFileType = wrapper.cfbundle; includeInIndex = 0; path = CrudTableUITests.xctest; sourceTree = BUILT_PRODUCTS_DIR; };
		900673351FA31BB600C94DFC /* CrudTableUITests.swift */ = {isa = PBXFileReference; lastKnownFileType = sourcecode.swift; path = CrudTableUITests.swift; sourceTree = "<group>"; };
		900673371FA31BB600C94DFC /* Info.plist */ = {isa = PBXFileReference; lastKnownFileType = text.plist.xml; path = Info.plist; sourceTree = "<group>"; };
		900673431FA31C0200C94DFC /* CaricaViewController.swift */ = {isa = PBXFileReference; lastKnownFileType = sourcecode.swift; path = CaricaViewController.swift; sourceTree = "<group>"; };
		900673451FA320BA00C94DFC /* SingProdotti.swift */ = {isa = PBXFileReference; lastKnownFileType = sourcecode.swift; path = SingProdotti.swift; sourceTree = "<group>"; };
		900673471FA331C700C94DFC /* Prodotto.swift */ = {isa = PBXFileReference; lastKnownFileType = sourcecode.swift; path = Prodotto.swift; sourceTree = "<group>"; };
		900673491FA3338A00C94DFC /* ProdottiTableViewController.swift */ = {isa = PBXFileReference; lastKnownFileType = sourcecode.swift; path = ProdottiTableViewController.swift; sourceTree = "<group>"; };
		9006734B1FA3648700C94DFC /* ListTableViewCell.swift */ = {isa = PBXFileReference; lastKnownFileType = sourcecode.swift; path = ListTableViewCell.swift; sourceTree = "<group>"; };
		9006734D1FA37AF800C94DFC /* FullProdViewController.swift */ = {isa = PBXFileReference; lastKnownFileType = sourcecode.swift; path = FullProdViewController.swift; sourceTree = "<group>"; };
		906E70311FACAE8F001E9914 /* LaunchScreen.storyboard */ = {isa = PBXFileReference; fileEncoding = 4; lastKnownFileType = file.storyboard; path = LaunchScreen.storyboard; sourceTree = "<group>"; };
/* End PBXFileReference section */

/* Begin PBXFrameworksBuildPhase section */
		9006730C1FA31BB600C94DFC /* Frameworks */ = {
			isa = PBXFrameworksBuildPhase;
			buildActionMask = 2147483647;
			files = (
			);
			runOnlyForDeploymentPostprocessing = 0;
		};
		900673231FA31BB600C94DFC /* Frameworks */ = {
			isa = PBXFrameworksBuildPhase;
			buildActionMask = 2147483647;
			files = (
			);
			runOnlyForDeploymentPostprocessing = 0;
		};
		9006732E1FA31BB600C94DFC /* Frameworks */ = {
			isa = PBXFrameworksBuildPhase;
			buildActionMask = 2147483647;
			files = (
			);
			runOnlyForDeploymentPostprocessing = 0;
		};
/* End PBXFrameworksBuildPhase section */

/* Begin PBXGroup section */
		900673061FA31BB600C94DFC = {
			isa = PBXGroup;
			children = (
				900673111FA31BB600C94DFC /* CrudTable */,
				900673291FA31BB600C94DFC /* CrudTableTests */,
				900673341FA31BB600C94DFC /* CrudTableUITests */,
				900673101FA31BB600C94DFC /* Products */,
			);
			sourceTree = "<group>";
		};
		900673101FA31BB600C94DFC /* Products */ = {
			isa = PBXGroup;
			children = (
				9006730F1FA31BB600C94DFC /* CrudTable.app */,
				900673261FA31BB600C94DFC /* CrudTableTests.xctest */,
				900673311FA31BB600C94DFC /* CrudTableUITests.xctest */,
			);
			name = Products;
			sourceTree = "<group>";
		};
		900673111FA31BB600C94DFC /* CrudTable */ = {
			isa = PBXGroup;
			children = (
				900673121FA31BB600C94DFC /* AppDelegate.swift */,
				900673161FA31BB600C94DFC /* Main.storyboard */,
				906E70311FACAE8F001E9914 /* LaunchScreen.storyboard */,
				9006731C1FA31BB600C94DFC /* Assets.xcassets */,
				900673211FA31BB600C94DFC /* Info.plist */,
				900673191FA31BB600C94DFC /* CrudTable.xcdatamodeld */,
				900673431FA31C0200C94DFC /* CaricaViewController.swift */,
				900673451FA320BA00C94DFC /* SingProdotti.swift */,
				900673471FA331C700C94DFC /* Prodotto.swift */,
				900673491FA3338A00C94DFC /* ProdottiTableViewController.swift */,
				9006734B1FA3648700C94DFC /* ListTableViewCell.swift */,
				9006734D1FA37AF800C94DFC /* FullProdViewController.swift */,
			);
			path = CrudTable;
			sourceTree = "<group>";
		};
		900673291FA31BB600C94DFC /* CrudTableTests */ = {
			isa = PBXGroup;
			children = (
				9006732A1FA31BB600C94DFC /* CrudTableTests.swift */,
				9006732C1FA31BB600C94DFC /* Info.plist */,
			);
			path = CrudTableTests;
			sourceTree = "<group>";
		};
		900673341FA31BB600C94DFC /* CrudTableUITests */ = {
			isa = PBXGroup;
			children = (
				900673351FA31BB600C94DFC /* CrudTableUITests.swift */,
				900673371FA31BB600C94DFC /* Info.plist */,
			);
			path = CrudTableUITests;
			sourceTree = "<group>";
		};
/* End PBXGroup section */

/* Begin PBXNativeTarget section */
		9006730E1FA31BB600C94DFC /* CrudTable */ = {
			isa = PBXNativeTarget;
			buildConfigurationList = 9006733A1FA31BB600C94DFC /* Build configuration list for PBXNativeTarget "CrudTable" */;
			buildPhases = (
				9006730B1FA31BB600C94DFC /* Sources */,
				9006730C1FA31BB600C94DFC /* Frameworks */,
				9006730D1FA31BB600C94DFC /* Resources */,
			);
			buildRules = (
			);
			dependencies = (
			);
			name = CrudTable;
			productName = CrudTable;
			productReference = 9006730F1FA31BB600C94DFC /* CrudTable.app */;
			productType = "com.apple.product-type.application";
		};
		900673251FA31BB600C94DFC /* CrudTableTests */ = {
			isa = PBXNativeTarget;
			buildConfigurationList = 9006733D1FA31BB600C94DFC /* Build configuration list for PBXNativeTarget "CrudTableTests" */;
			buildPhases = (
				900673221FA31BB600C94DFC /* Sources */,
				900673231FA31BB600C94DFC /* Frameworks */,
				900673241FA31BB600C94DFC /* Resources */,
			);
			buildRules = (
			);
			dependencies = (
				900673281FA31BB600C94DFC /* PBXTargetDependency */,
			);
			name = CrudTableTests;
			productName = CrudTableTests;
			productReference = 900673261FA31BB600C94DFC /* CrudTableTests.xctest */;
			productType = "com.apple.product-type.bundle.unit-test";
		};
		900673301FA31BB600C94DFC /* CrudTableUITests */ = {
			isa = PBXNativeTarget;
			buildConfigurationList = 900673401FA31BB600C94DFC /* Build configuration list for PBXNativeTarget "CrudTableUITests" */;
			buildPhases = (
				9006732D1FA31BB600C94DFC /* Sources */,
				9006732E1FA31BB600C94DFC /* Frameworks */,
				9006732F1FA31BB600C94DFC /* Resources */,
			);
			buildRules = (
			);
			dependencies = (
				900673331FA31BB600C94DFC /* PBXTargetDependency */,
			);
			name = CrudTableUITests;
			productName = CrudTableUITests;
			productReference = 900673311FA31BB600C94DFC /* CrudTableUITests.xctest */;
			productType = "com.apple.product-type.bundle.ui-testing";
		};
/* End PBXNativeTarget section */

/* Begin PBXProject section */
		900673071FA31BB600C94DFC /* Project object */ = {
			isa = PBXProject;
			attributes = {
				LastSwiftUpdateCheck = 0900;
				LastUpgradeCheck = 1130;
				ORGANIZATIONNAME = "Fabio Ziviello";
				TargetAttributes = {
					9006730E1FA31BB600C94DFC = {
						CreatedOnToolsVersion = 9.0.1;
						LastSwiftMigration = 1130;
						ProvisioningStyle = Automatic;
					};
					900673251FA31BB600C94DFC = {
						CreatedOnToolsVersion = 9.0.1;
						LastSwiftMigration = 1130;
						ProvisioningStyle = Automatic;
						TestTargetID = 9006730E1FA31BB600C94DFC;
					};
					900673301FA31BB600C94DFC = {
						CreatedOnToolsVersion = 9.0.1;
						LastSwiftMigration = 1130;
						ProvisioningStyle = Automatic;
						TestTargetID = 9006730E1FA31BB600C94DFC;
					};
				};
			};
			buildConfigurationList = 9006730A1FA31BB600C94DFC /* Build configuration list for PBXProject "CrudTable" */;
			compatibilityVersion = "Xcode 8.0";
			developmentRegion = en;
			hasScannedForEncodings = 0;
			knownRegions = (
				en,
				Base,
			);
			mainGroup = 900673061FA31BB600C94DFC;
			productRefGroup = 900673101FA31BB600C94DFC /* Products */;
			projectDirPath = "";
			projectRoot = "";
			targets = (
				9006730E1FA31BB600C94DFC /* CrudTable */,
				900673251FA31BB600C94DFC /* CrudTableTests */,
				900673301FA31BB600C94DFC /* CrudTableUITests */,
			);
		};
/* End PBXProject section */

/* Begin PBXResourcesBuildPhase section */
		9006730D1FA31BB600C94DFC /* Resources */ = {
			isa = PBXResourcesBuildPhase;
			buildActionMask = 2147483647;
			files = (
				906E70321FACAE8F001E9914 /* LaunchScreen.storyboard in Resources */,
				9006731D1FA31BB600C94DFC /* Assets.xcassets in Resources */,
				900673181FA31BB600C94DFC /* Main.storyboard in Resources */,
			);
			runOnlyForDeploymentPostprocessing = 0;
		};
		900673241FA31BB600C94DFC /* Resources */ = {
			isa = PBXResourcesBuildPhase;
			buildActionMask = 2147483647;
			files = (
			);
			runOnlyForDeploymentPostprocessing = 0;
		};
		9006732F1FA31BB600C94DFC /* Resources */ = {
			isa = PBXResourcesBuildPhase;
			buildActionMask = 2147483647;
			files = (
			);
			runOnlyForDeploymentPostprocessing = 0;
		};
/* End PBXResourcesBuildPhase section */

/* Begin PBXSourcesBuildPhase section */
		9006730B1FA31BB600C94DFC /* Sources */ = {
			isa = PBXSourcesBuildPhase;
			buildActionMask = 2147483647;
			files = (
				900673481FA331C700C94DFC /* Prodotto.swift in Sources */,
				9006734C1FA3648700C94DFC /* ListTableViewCell.swift in Sources */,
				9006731B1FA31BB600C94DFC /* CrudTable.xcdatamodeld in Sources */,
				9006734A1FA3338A00C94DFC /* ProdottiTableViewController.swift in Sources */,
				9006734E1FA37AF800C94DFC /* FullProdViewController.swift in Sources */,
				900673131FA31BB600C94DFC /* AppDelegate.swift in Sources */,
				900673461FA320BA00C94DFC /* SingProdotti.swift in Sources */,
				900673441FA31C0200C94DFC /* CaricaViewController.swift in Sources */,
			);
			runOnlyForDeploymentPostprocessing = 0;
		};
		900673221FA31BB600C94DFC /* Sources */ = {
			isa = PBXSourcesBuildPhase;
			buildActionMask = 2147483647;
			files = (
				9006732B1FA31BB600C94DFC /* CrudTableTests.swift in Sources */,
			);
			runOnlyForDeploymentPostprocessing = 0;
		};
		9006732D1FA31BB600C94DFC /* Sources */ = {
			isa = PBXSourcesBuildPhase;
			buildActionMask = 2147483647;
			files = (
				900673361FA31BB600C94DFC /* CrudTableUITests.swift in Sources */,
			);
			runOnlyForDeploymentPostprocessing = 0;
		};
/* End PBXSourcesBuildPhase section */

/* Begin PBXTargetDependency section */
		900673281FA31BB600C94DFC /* PBXTargetDependency */ = {
			isa = PBXTargetDependency;
			target = 9006730E1FA31BB600C94DFC /* CrudTable */;
			targetProxy = 900673271FA31BB600C94DFC /* PBXContainerItemProxy */;
		};
		900673331FA31BB600C94DFC /* PBXTargetDependency */ = {
			isa = PBXTargetDependency;
			target = 9006730E1FA31BB600C94DFC /* CrudTable */;
			targetProxy = 900673321FA31BB600C94DFC /* PBXContainerItemProxy */;
		};
/* End PBXTargetDependency section */

/* Begin PBXVariantGroup section */
		900673161FA31BB600C94DFC /* Main.storyboard */ = {
			isa = PBXVariantGroup;
			children = (
				900673171FA31BB600C94DFC /* Base */,
			);
			name = Main.storyboard;
			sourceTree = "<group>";
		};
/* End PBXVariantGroup section */

/* Begin XCBuildConfiguration section */
		900673381FA31BB600C94DFC /* Debug */ = {
			isa = XCBuildConfiguration;
			buildSettings = {
				ALWAYS_SEARCH_USER_PATHS = NO;
				CLANG_ANALYZER_NONNULL = YES;
				CLANG_ANALYZER_NUMBER_OBJECT_CONVERSION = YES_AGGRESSIVE;
				CLANG_CXX_LANGUAGE_STANDARD = "gnu++14";
				CLANG_CXX_LIBRARY = "libc++";
				CLANG_ENABLE_MODULES = YES;
				CLANG_ENABLE_OBJC_ARC = YES;
				CLANG_WARN_BLOCK_CAPTURE_AUTORELEASING = YES;
				CLANG_WARN_BOOL_CONVERSION = YES;
				CLANG_WARN_COMMA = YES;
				CLANG_WARN_CONSTANT_CONVERSION = YES;
				CLANG_WARN_DEPRECATED_OBJC_IMPLEMENTATIONS = YES;
				CLANG_WARN_DIRECT_OBJC_ISA_USAGE = YES_ERROR;
				CLANG_WARN_DOCUMENTATION_COMMENTS = YES;
				CLANG_WARN_EMPTY_BODY = YES;
				CLANG_WARN_ENUM_CONVERSION = YES;
				CLANG_WARN_INFINITE_RECURSION = YES;
				CLANG_WARN_INT_CONVERSION = YES;
				CLANG_WARN_NON_LITERAL_NULL_CONVERSION = YES;
				CLANG_WARN_OBJC_IMPLICIT_RETAIN_SELF = YES;
				CLANG_WARN_OBJC_LITERAL_CONVERSION = YES;
				CLANG_WARN_OBJC_ROOT_CLASS = YES_ERROR;
				CLANG_WARN_RANGE_LOOP_ANALYSIS = YES;
				CLANG_WARN_STRICT_PROTOTYPES = YES;
				CLANG_WARN_SUSPICIOUS_MOVE = YES;
				CLANG_WARN_UNGUARDED_AVAILABILITY = YES_AGGRESSIVE;
				CLANG_WARN_UNREACHABLE_CODE = YES;
				CLANG_WARN__DUPLICATE_METHOD_MATCH = YES;
				CODE_SIGN_IDENTITY = "iPhone Developer";
				COPY_PHASE_STRIP = NO;
				DEBUG_INFORMATION_FORMAT = dwarf;
				ENABLE_STRICT_OBJC_MSGSEND = YES;
				ENABLE_TESTABILITY = YES;
				GCC_C_LANGUAGE_STANDARD = gnu11;
				GCC_DYNAMIC_NO_PIC = NO;
				GCC_NO_COMMON_BLOCKS = YES;
				GCC_OPTIMIZATION_LEVEL = 0;
				GCC_PREPROCESSOR_DEFINITIONS = (
					"DEBUG=1",
					"$(inherited)",
				);
				GCC_WARN_64_TO_32_BIT_CONVERSION = YES;
				GCC_WARN_ABOUT_RETURN_TYPE = YES_ERROR;
				GCC_WARN_UNDECLARED_SELECTOR = YES;
				GCC_WARN_UNINITIALIZED_AUTOS = YES_AGGRESSIVE;
				GCC_WARN_UNUSED_FUNCTION = YES;
				GCC_WARN_UNUSED_VARIABLE = YES;
				IPHONEOS_DEPLOYMENT_TARGET = 11.0;
				MTL_ENABLE_DEBUG_INFO = YES;
				ONLY_ACTIVE_ARCH = YES;
				SDKROOT = iphoneos;
				SWIFT_ACTIVE_COMPILATION_CONDITIONS = DEBUG;
				SWIFT_OPTIMIZATION_LEVEL = "-Onone";
			};
			name = Debug;
		};
		900673391FA31BB600C94DFC /* Release */ = {
			isa = XCBuildConfiguration;
			buildSettings = {
				ALWAYS_SEARCH_USER_PATHS = NO;
				CLANG_ANALYZER_NONNULL = YES;
				CLANG_ANALYZER_NUMBER_OBJECT_CONVERSION = YES_AGGRESSIVE;
				CLANG_CXX_LANGUAGE_STANDARD = "gnu++14";
				CLANG_CXX_LIBRARY = "libc++";
				CLANG_ENABLE_MODULES = YES;
				CLANG_ENABLE_OBJC_ARC = YES;
				CLANG_WARN_BLOCK_CAPTURE_AUTORELEASING = YES;
				CLANG_WARN_BOOL_CONVERSION = YES;
				CLANG_WARN_COMMA = YES;
				CLANG_WARN_CONSTANT_CONVERSION = YES;
				CLANG_WARN_DEPRECATED_OBJC_IMPLEMENTATIONS = YES;
				CLANG_WARN_DIRECT_OBJC_ISA_USAGE = YES_ERROR;
				CLANG_WARN_DOCUMENTATION_COMMENTS = YES;
				CLANG_WARN_EMPTY_BODY = YES;
				CLANG_WARN_ENUM_CONVERSION = YES;
				CLANG_WARN_INFINITE_RECURSION = YES;
				CLANG_WARN_INT_CONVERSION = YES;
				CLANG_WARN_NON_LITERAL_NULL_CONVERSION = YES;
				CLANG_WARN_OBJC_IMPLICIT_RETAIN_SELF = YES;
				CLANG_WARN_OBJC_LITERAL_CONVERSION = YES;
				CLANG_WARN_OBJC_ROOT_CLASS = YES_ERROR;
				CLANG_WARN_RANGE_LOOP_ANALYSIS = YES;
				CLANG_WARN_STRICT_PROTOTYPES = YES;
				CLANG_WARN_SUSPICIOUS_MOVE = YES;
				CLANG_WARN_UNGUARDED_AVAILABILITY = YES_AGGRESSIVE;
				CLANG_WARN_UNREACHABLE_CODE = YES;
				CLANG_WARN__DUPLICATE_METHOD_MATCH = YES;
				CODE_SIGN_IDENTITY = "iPhone Developer";
				COPY_PHASE_STRIP = NO;
				DEBUG_INFORMATION_FORMAT = "dwarf-with-dsym";
				ENABLE_NS_ASSERTIONS = NO;
				ENABLE_STRICT_OBJC_MSGSEND = YES;
				GCC_C_LANGUAGE_STANDARD = gnu11;
				GCC_NO_COMMON_BLOCKS = YES;
				GCC_WARN_64_TO_32_BIT_CONVERSION = YES;
				GCC_WARN_ABOUT_RETURN_TYPE = YES_ERROR;
				GCC_WARN_UNDECLARED_SELECTOR = YES;
				GCC_WARN_UNINITIALIZED_AUTOS = YES_AGGRESSIVE;
				GCC_WARN_UNUSED_FUNCTION = YES;
				GCC_WARN_UNUSED_VARIABLE = YES;
				IPHONEOS_DEPLOYMENT_TARGET = 11.0;
				MTL_ENABLE_DEBUG_INFO = NO;
				SDKROOT = iphoneos;
				SWIFT_OPTIMIZATION_LEVEL = "-Owholemodule";
				VALIDATE_PRODUCT = YES;
			};
			name = Release;
		};
		9006733B1FA31BB600C94DFC /* Debug */ = {
			isa = XCBuildConfiguration;
			buildSettings = {
				ASSETCATALOG_COMPILER_APPICON_NAME = AppIcon;
				ASSETCATALOG_COMPILER_LAUNCHIMAGE_NAME = LaunchImage;
				CODE_SIGN_STYLE = Automatic;
				INFOPLIST_FILE = CrudTable/Info.plist;
				LD_RUNPATH_SEARCH_PATHS = "$(inherited) @executable_path/Frameworks";
				PRODUCT_BUNDLE_IDENTIFIER = com.ziviello.CrudTable;
				PRODUCT_NAME = "$(TARGET_NAME)";
				SWIFT_VERSION = 5.0;
				TARGETED_DEVICE_FAMILY = "1,2";
			};
			name = Debug;
		};
		9006733C1FA31BB600C94DFC /* Release */ = {
			isa = XCBuildConfiguration;
			buildSettings = {
				ASSETCATALOG_COMPILER_APPICON_NAME = AppIcon;
				ASSETCATALOG_COMPILER_LAUNCHIMAGE_NAME = LaunchImage;
				CODE_SIGN_STYLE = Automatic;
				INFOPLIST_FILE = CrudTable/Info.plist;
				LD_RUNPATH_SEARCH_PATHS = "$(inherited) @executable_path/Frameworks";
				PRODUCT_BUNDLE_IDENTIFIER = com.ziviello.CrudTable;
				PRODUCT_NAME = "$(TARGET_NAME)";
				SWIFT_VERSION = 5.0;
				TARGETED_DEVICE_FAMILY = "1,2";
			};
			name = Release;
		};
		9006733E1FA31BB600C94DFC /* Debug */ = {
			isa = XCBuildConfiguration;
			buildSettings = {
				ALWAYS_EMBED_SWIFT_STANDARD_LIBRARIES = YES;
				BUNDLE_LOADER = "$(TEST_HOST)";
				CODE_SIGN_STYLE = Automatic;
				INFOPLIST_FILE = CrudTableTests/Info.plist;
				LD_RUNPATH_SEARCH_PATHS = "$(inherited) @executable_path/Frameworks @loader_path/Frameworks";
				PRODUCT_BUNDLE_IDENTIFIER = com.ziviello.CrudTableTests;
				PRODUCT_NAME = "$(TARGET_NAME)";
				SWIFT_VERSION = 5.0;
				TARGETED_DEVICE_FAMILY = "1,2";
				TEST_HOST = "$(BUILT_PRODUCTS_DIR)/CrudTable.app/CrudTable";
			};
			name = Debug;
		};
		9006733F1FA31BB600C94DFC /* Release */ = {
			isa = XCBuildConfiguration;
			buildSettings = {
				ALWAYS_EMBED_SWIFT_STANDARD_LIBRARIES = YES;
				BUNDLE_LOADER = "$(TEST_HOST)";
				CODE_SIGN_STYLE = Automatic;
				INFOPLIST_FILE = CrudTableTests/Info.plist;
				LD_RUNPATH_SEARCH_PATHS = "$(inherited) @executable_path/Frameworks @loader_path/Frameworks";
				PRODUCT_BUNDLE_IDENTIFIER = com.ziviello.CrudTableTests;
				PRODUCT_NAME = "$(TARGET_NAME)";
				SWIFT_VERSION = 5.0;
				TARGETED_DEVICE_FAMILY = "1,2";
				TEST_HOST = "$(BUILT_PRODUCTS_DIR)/CrudTable.app/CrudTable";
			};
			name = Release;
		};
		900673411FA31BB600C94DFC /* Debug */ = {
			isa = XCBuildConfiguration;
			buildSettings = {
				ALWAYS_EMBED_SWIFT_STANDARD_LIBRARIES = YES;
				CODE_SIGN_STYLE = Automatic;
				INFOPLIST_FILE = CrudTableUITests/Info.plist;
				LD_RUNPATH_SEARCH_PATHS = "$(inherited) @executable_path/Frameworks @loader_path/Frameworks";
				PRODUCT_BUNDLE_IDENTIFIER = com.ziviello.CrudTableUITests;
				PRODUCT_NAME = "$(TARGET_NAME)";
				SWIFT_VERSION = 5.0;
				TARGETED_DEVICE_FAMILY = "1,2";
				TEST_TARGET_NAME = CrudTable;
			};
			name = Debug;
		};
		900673421FA31BB600C94DFC /* Release */ = {
			isa = XCBuildConfiguration;
			buildSettings = {
				ALWAYS_EMBED_SWIFT_STANDARD_LIBRARIES = YES;
				CODE_SIGN_STYLE = Automatic;
				INFOPLIST_FILE = CrudTableUITests/Info.plist;
				LD_RUNPATH_SEARCH_PATHS = "$(inherited) @executable_path/Frameworks @loader_path/Frameworks";
				PRODUCT_BUNDLE_IDENTIFIER = com.ziviello.CrudTableUITests;
				PRODUCT_NAME = "$(TARGET_NAME)";
				SWIFT_VERSION = 5.0;
				TARGETED_DEVICE_FAMILY = "1,2";
				TEST_TARGET_NAME = CrudTable;
			};
			name = Release;
		};
/* End XCBuildConfiguration section */

/* Begin XCConfigurationList section */
		9006730A1FA31BB600C94DFC /* Build configuration list for PBXProject "CrudTable" */ = {
			isa = XCConfigurationList;
			buildConfigurations = (
				900673381FA31BB600C94DFC /* Debug */,
				900673391FA31BB600C94DFC /* Release */,
			);
			defaultConfigurationIsVisible = 0;
			defaultConfigurationName = Release;
		};
		9006733A1FA31BB600C94DFC /* Build configuration list for PBXNativeTarget "CrudTable" */ = {
			isa = XCConfigurationList;
			buildConfigurations = (
				9006733B1FA31BB600C94DFC /* Debug */,
				9006733C1FA31BB600C94DFC /* Release */,
			);
			defaultConfigurationIsVisible = 0;
			defaultConfigurationName = Release;
		};
		9006733D1FA31BB600C94DFC /* Build configuration list for PBXNativeTarget "CrudTableTests" */ = {
			isa = XCConfigurationList;
			buildConfigurations = (
				9006733E1FA31BB600C94DFC /* Debug */,
				9006733F1FA31BB600C94DFC /* Release */,
			);
			defaultConfigurationIsVisible = 0;
			defaultConfigurationName = Release;
		};
		900673401FA31BB600C94DFC /* Build configuration list for PBXNativeTarget "CrudTableUITests" */ = {
			isa = XCConfigurationList;
			buildConfigurations = (
				900673411FA31BB600C94DFC /* Debug */,
				900673421FA31BB600C94DFC /* Release */,
			);
			defaultConfigurationIsVisible = 0;
			defaultConfigurationName = Release;
		};
/* End XCConfigurationList section */

/* Begin XCVersionGroup section */
		900673191FA31BB600C94DFC /* CrudTable.xcdatamodeld */ = {
			isa = XCVersionGroup;
			children = (
				9006731A1FA31BB600C94DFC /* CrudTable.xcdatamodel */,
			);
			currentVersion = 9006731A1FA31BB600C94DFC /* CrudTable.xcdatamodel */;
			path = CrudTable.xcdatamodeld;
			sourceTree = "<group>";
			versionGroupType = wrapper.xcdatamodel;
		};
/* End XCVersionGroup section */
	};
	rootObject = 900673071FA31BB600C94DFC /* Project object */;
}
